
Microsoft Visual Studio Solution File, Format Version 12.00
# Visual Studio Version 17
VisualStudioVersion = 17.4.33205.214
MinimumVisualStudioVersion = 10.0.40219.1
Project("{FAE04EC0-301F-11D3-BF4B-00C04F79EFBC}") = "WebGpu", "ClassLibrary1\WebGpu.csproj", "{6030667E-8F93-491D-8D06-0F6CF0C52375}"
EndProject
Project("{FAE04EC0-301F-11D3-BF4B-00C04F79EFBC}") = "Triangle", "..\Triangle\Triangle.csproj", "{3C97FAAF-3D9B-4316-8C93-CF97B5E2EA0B}"
EndProject
Project("{FAE04EC0-301F-11D3-BF4B-00C04F79EFBC}") = "Particles", "..\Particles\Particles.csproj", "{C0995423-DD32-4328-9DF9-DE0C8466EBE5}"
EndProject
Global
	GlobalSection(SolutionConfigurationPlatforms) = preSolution
		Debug|Any CPU = Debug|Any CPU
		Release|Any CPU = Release|Any CPU
	EndGlobalSection
	GlobalSection(ProjectConfigurationPlatforms) = postSolution
		{6030667E-8F93-491D-8D06-0F6CF0C52375}.Debug|Any CPU.ActiveCfg = Debug|Any CPU
		{6030667E-8F93-491D-8D06-0F6CF0C52375}.Debug|Any CPU.Build.0 = Debug|Any CPU
		{6030667E-8F93-491D-8D06-0F6CF0C52375}.Release|Any CPU.ActiveCfg = Release|Any CPU
		{6030667E-8F93-491D-8D06-0F6CF0C52375}.Release|Any CPU.Build.0 = Release|Any CPU
		{3C97FAAF-3D9B-4316-8C93-CF97B5E2EA0B}.Debug|Any CPU.ActiveCfg = Debug|Any CPU
		{3C97FAAF-3D9B-4316-8C93-CF97B5E2EA0B}.Debug|Any CPU.Build.0 = Debug|Any CPU
		{3C97FAAF-3D9B-4316-8C93-CF97B5E2EA0B}.Release|Any CPU.ActiveCfg = Release|Any CPU
		{3C97FAAF-3D9B-4316-8C93-CF97B5E2EA0B}.Release|Any CPU.Build.0 = Release|Any CPU
		{C0995423-DD32-4328-9DF9-DE0C8466EBE5}.Debug|Any CPU.ActiveCfg = Debug|Any CPU
		{C0995423-DD32-4328-9DF9-DE0C8466EBE5}.Debug|Any CPU.Build.0 = Debug|Any CPU
		{C0995423-DD32-4328-9DF9-DE0C8466EBE5}.Release|Any CPU.ActiveCfg = Release|Any CPU
		{C0995423-DD32-4328-9DF9-DE0C8466EBE5}.Release|Any CPU.Build.0 = Release|Any CPU
	EndGlobalSection
	GlobalSection(SolutionProperties) = preSolution
		HideSolutionNode = FALSE
	EndGlobalSection
	GlobalSection(ExtensibilityGlobals) = postSolution
		SolutionGuid = {A25302E6-6B79-4862-807D-F23463868A8F}
	EndGlobalSection
EndGlobal
